
Microsoft Visual Studio Solution File, Format Version 12.00
# Visual Studio Version 17
VisualStudioVersion = 17.9.34723.18
MinimumVisualStudioVersion = 10.0.40219.1
Project("{FAE04EC0-301F-11D3-BF4B-00C04F79EFBC}") = "E-commerce", "E-commerce\E-commerce.csproj", "{3C48794D-0D37-41D5-B8FF-E9E66E4764E5}"
EndProject
Global
	GlobalSection(SolutionConfigurationPlatforms) = preSolution
		Debug|Any CPU = Debug|Any CPU
		Release|Any CPU = Release|Any CPU
	EndGlobalSection
	GlobalSection(ProjectConfigurationPlatforms) = postSolution
		{3C48794D-0D37-41D5-B8FF-E9E66E4764E5}.Debug|Any CPU.ActiveCfg = Debug|Any CPU
		{3C48794D-0D37-41D5-B8FF-E9E66E4764E5}.Debug|Any CPU.Build.0 = Debug|Any CPU
		{3C48794D-0D37-41D5-B8FF-E9E66E4764E5}.Release|Any CPU.ActiveCfg = Release|Any CPU
		{3C48794D-0D37-41D5-B8FF-E9E66E4764E5}.Release|Any CPU.Build.0 = Release|Any CPU
	EndGlobalSection
	GlobalSection(SolutionProperties) = preSolution
		HideSolutionNode = FALSE
	EndGlobalSection
	GlobalSection(ExtensibilityGlobals) = postSolution
		SolutionGuid = {513417B0-F01B-49DF-8A7A-09800422FBC2}
	EndGlobalSection
EndGlobal
